
Microsoft Visual Studio Solution File, Format Version 12.00
# Visual Studio Version 16
VisualStudioVersion = 16.0.30907.101
MinimumVisualStudioVersion = 10.0.40219.1
Project("{FAE04EC0-301F-11D3-BF4B-00C04F79EFBC}") = "HW_EntityFramework", "HW_EntityFramework\HW_EntityFramework.csproj", "{AAF0A9CD-1CC7-4FE2-8CD4-DAE351A62943}"
EndProject
Global
	GlobalSection(SolutionConfigurationPlatforms) = preSolution
		Debug|Any CPU = Debug|Any CPU
		Release|Any CPU = Release|Any CPU
	EndGlobalSection
	GlobalSection(ProjectConfigurationPlatforms) = postSolution
		{AAF0A9CD-1CC7-4FE2-8CD4-DAE351A62943}.Debug|Any CPU.ActiveCfg = Debug|Any CPU
		{AAF0A9CD-1CC7-4FE2-8CD4-DAE351A62943}.Debug|Any CPU.Build.0 = Debug|Any CPU
		{AAF0A9CD-1CC7-4FE2-8CD4-DAE351A62943}.Release|Any CPU.ActiveCfg = Release|Any CPU
		{AAF0A9CD-1CC7-4FE2-8CD4-DAE351A62943}.Release|Any CPU.Build.0 = Release|Any CPU
	EndGlobalSection
	GlobalSection(SolutionProperties) = preSolution
		HideSolutionNode = FALSE
	EndGlobalSection
	GlobalSection(ExtensibilityGlobals) = postSolution
		SolutionGuid = {26AF813B-5F55-407A-AC00-25FBE2C9C79B}
	EndGlobalSection
EndGlobal
